// !$*UTF8*$!
{
	archiveVersion = 1;
	classes = {
	};
	objectVersion = 46;
	objects = {

/* Begin PBXBuildFile section */
		A267D8521AF056BF0025EBD7 /* geom.cpp in Sources */ = {isa = PBXBuildFile; fileRef = A267D84B1AF056BF0025EBD7 /* geom.cpp */; };
		A267D8541AF056BF0025EBD7 /* viewPoints.cpp in Sources */ = {isa = PBXBuildFile; fileRef = A267D8511AF056BF0025EBD7 /* viewPoints.cpp */; };
		A267D8561AF057230025EBD7 /* GLUT.framework in Frameworks */ = {isa = PBXBuildFile; fileRef = A267D8551AF057230025EBD7 /* GLUT.framework */; };
		A267D8581AF057290025EBD7 /* OpenGL.framework in Frameworks */ = {isa = PBXBuildFile; fileRef = A267D8571AF057290025EBD7 /* OpenGL.framework */; };
/* End PBXBuildFile section */

/* Begin PBXCopyFilesBuildPhase section */
		A267D83F1AF056AD0025EBD7 /* CopyFiles */ = {
			isa = PBXCopyFilesBuildPhase;
			buildActionMask = 2147483647;
			dstPath = /usr/share/man/man1/;
			dstSubfolderSpec = 0;
			files = (
			);
			runOnlyForDeploymentPostprocessing = 1;
		};
/* End PBXCopyFilesBuildPhase section */

/* Begin PBXFileReference section */
		A267D8411AF056AD0025EBD7 /* PolygonVisibility */ = {isa = PBXFileReference; explicitFileType = "compiled.mach-o.executable"; includeInIndex = 0; path = PolygonVisibility; sourceTree = BUILT_PRODUCTS_DIR; };
		A267D84B1AF056BF0025EBD7 /* geom.cpp */ = {isa = PBXFileReference; fileEncoding = 4; lastKnownFileType = sourcecode.cpp.cpp; path = geom.cpp; sourceTree = "<group>"; };
		A267D84C1AF056BF0025EBD7 /* geom.h */ = {isa = PBXFileReference; fileEncoding = 4; lastKnownFileType = sourcecode.c.h; path = geom.h; sourceTree = "<group>"; };
		A267D84D1AF056BF0025EBD7 /* Makefile.make */ = {isa = PBXFileReference; fileEncoding = 4; lastKnownFileType = text; path = Makefile.make; sourceTree = "<group>"; };
		A267D84E1AF056BF0025EBD7 /* readme.readme */ = {isa = PBXFileReference; fileEncoding = 4; lastKnownFileType = text; path = readme.readme; sourceTree = "<group>"; };
		A267D8511AF056BF0025EBD7 /* viewPoints.cpp */ = {isa = PBXFileReference; fileEncoding = 4; lastKnownFileType = sourcecode.cpp.cpp; path = viewPoints.cpp; sourceTree = "<group>"; };
		A267D8551AF057230025EBD7 /* GLUT.framework */ = {isa = PBXFileReference; lastKnownFileType = wrapper.framework; name = GLUT.framework; path = System/Library/Frameworks/GLUT.framework; sourceTree = SDKROOT; };
		A267D8571AF057290025EBD7 /* OpenGL.framework */ = {isa = PBXFileReference; lastKnownFileType = wrapper.framework; name = OpenGL.framework; path = System/Library/Frameworks/OpenGL.framework; sourceTree = SDKROOT; };
/* End PBXFileReference section */

/* Begin PBXFrameworksBuildPhase section */
		A267D83E1AF056AD0025EBD7 /* Frameworks */ = {
			isa = PBXFrameworksBuildPhase;
			buildActionMask = 2147483647;
			files = (
				A267D8581AF057290025EBD7 /* OpenGL.framework in Frameworks */,
				A267D8561AF057230025EBD7 /* GLUT.framework in Frameworks */,
			);
			runOnlyForDeploymentPostprocessing = 0;
		};
/* End PBXFrameworksBuildPhase section */

/* Begin PBXGroup section */
		A267D8381AF056AD0025EBD7 = {
			isa = PBXGroup;
			children = (
				A267D8571AF057290025EBD7 /* OpenGL.framework */,
				A267D8551AF057230025EBD7 /* GLUT.framework */,
				A267D8431AF056AD0025EBD7 /* Motion Planning */,
				A267D8421AF056AD0025EBD7 /* Products */,
			);
			sourceTree = "<group>";
		};
		A267D8421AF056AD0025EBD7 /* Products */ = {
			isa = PBXGroup;
			children = (
				A267D8411AF056AD0025EBD7 /* PolygonVisibility */,
			);
			name = Products;
			sourceTree = "<group>";
		};
		A267D8431AF056AD0025EBD7 /* Motion Planning */ = {
			isa = PBXGroup;
			children = (
				A267D84B1AF056BF0025EBD7 /* geom.cpp */,
				A267D84C1AF056BF0025EBD7 /* geom.h */,
				A267D84D1AF056BF0025EBD7 /* Makefile.make */,
				A267D84E1AF056BF0025EBD7 /* readme.readme */,
				A267D8511AF056BF0025EBD7 /* viewPoints.cpp */,
			);
			name = "Motion Planning";
			path = PolygonVisibility;
			sourceTree = "<group>";
		};
/* End PBXGroup section */

/* Begin PBXNativeTarget section */
		A267D8401AF056AD0025EBD7 /* PolygonVisibility */ = {
			isa = PBXNativeTarget;
			buildConfigurationList = A267D8481AF056AD0025EBD7 /* Build configuration list for PBXNativeTarget "PolygonVisibility" */;
			buildPhases = (
				A267D83D1AF056AD0025EBD7 /* Sources */,
				A267D83E1AF056AD0025EBD7 /* Frameworks */,
				A267D83F1AF056AD0025EBD7 /* CopyFiles */,
			);
			buildRules = (
			);
			dependencies = (
			);
			name = PolygonVisibility;
			productName = PolygonVisibility;
			productReference = A267D8411AF056AD0025EBD7 /* PolygonVisibility */;
			productType = "com.apple.product-type.tool";
		};
/* End PBXNativeTarget section */

/* Begin PBXProject section */
		A267D8391AF056AD0025EBD7 /* Project object */ = {
			isa = PBXProject;
			attributes = {
				LastUpgradeCheck = 0630;
				ORGANIZATIONNAME = Zleman.Xing;
				TargetAttributes = {
					A267D8401AF056AD0025EBD7 = {
						CreatedOnToolsVersion = 6.3.1;
					};
				};
			};
			buildConfigurationList = A267D83C1AF056AD0025EBD7 /* Build configuration list for PBXProject "MotionPlanning" */;
			compatibilityVersion = "Xcode 3.2";
			developmentRegion = English;
			hasScannedForEncodings = 0;
			knownRegions = (
				en,
			);
			mainGroup = A267D8381AF056AD0025EBD7;
			productRefGroup = A267D8421AF056AD0025EBD7 /* Products */;
			projectDirPath = "";
			projectRoot = "";
			targets = (
				A267D8401AF056AD0025EBD7 /* PolygonVisibility */,
			);
		};
/* End PBXProject section */

/* Begin PBXSourcesBuildPhase section */
		A267D83D1AF056AD0025EBD7 /* Sources */ = {
			isa = PBXSourcesBuildPhase;
			buildActionMask = 2147483647;
			files = (
				A267D8521AF056BF0025EBD7 /* geom.cpp in Sources */,
				A267D8541AF056BF0025EBD7 /* viewPoints.cpp in Sources */,
			);
			runOnlyForDeploymentPostprocessing = 0;
		};
/* End PBXSourcesBuildPhase section */

/* Begin XCBuildConfiguration section */
		A267D8461AF056AD0025EBD7 /* Debug */ = {
			isa = XCBuildConfiguration;
			buildSettings = {
				ALWAYS_SEARCH_USER_PATHS = NO;
				CLANG_CXX_LANGUAGE_STANDARD = "gnu++0x";
				CLANG_CXX_LIBRARY = "libc++";
				CLANG_ENABLE_MODULES = YES;
				CLANG_ENABLE_OBJC_ARC = YES;
				CLANG_WARN_BOOL_CONVERSION = YES;
				CLANG_WARN_CONSTANT_CONVERSION = YES;
				CLANG_WARN_DIRECT_OBJC_ISA_USAGE = YES_ERROR;
				CLANG_WARN_EMPTY_BODY = YES;
				CLANG_WARN_ENUM_CONVERSION = YES;
				CLANG_WARN_INT_CONVERSION = YES;
				CLANG_WARN_OBJC_ROOT_CLASS = YES_ERROR;
				CLANG_WARN_UNREACHABLE_CODE = YES;
				CLANG_WARN__DUPLICATE_METHOD_MATCH = YES;
				COPY_PHASE_STRIP = NO;
				DEBUG_INFORMATION_FORMAT = dwarf;
				ENABLE_STRICT_OBJC_MSGSEND = YES;
				GCC_C_LANGUAGE_STANDARD = gnu99;
				GCC_DYNAMIC_NO_PIC = NO;
				GCC_NO_COMMON_BLOCKS = YES;
				GCC_OPTIMIZATION_LEVEL = 0;
				GCC_PREPROCESSOR_DEFINITIONS = (
					"DEBUG=1",
					"$(inherited)",
				);
				GCC_SYMBOLS_PRIVATE_EXTERN = NO;
				GCC_WARN_64_TO_32_BIT_CONVERSION = YES;
				GCC_WARN_ABOUT_RETURN_TYPE = YES_ERROR;
				GCC_WARN_UNDECLARED_SELECTOR = YES;
				GCC_WARN_UNINITIALIZED_AUTOS = YES_AGGRESSIVE;
				GCC_WARN_UNUSED_FUNCTION = YES;
				GCC_WARN_UNUSED_VARIABLE = YES;
				MACOSX_DEPLOYMENT_TARGET = 10.10;
				MTL_ENABLE_DEBUG_INFO = YES;
				ONLY_ACTIVE_ARCH = YES;
				SDKROOT = macosx;
			};
			name = Debug;
		};
		A267D8471AF056AD0025EBD7 /* Release */ = {
			isa = XCBuildConfiguration;
			buildSettings = {
				ALWAYS_SEARCH_USER_PATHS = NO;
				CLANG_CXX_LANGUAGE_STANDARD = "gnu++0x";
				CLANG_CXX_LIBRARY = "libc++";
				CLANG_ENABLE_MODULES = YES;
				CLANG_ENABLE_OBJC_ARC = YES;
				CLANG_WARN_BOOL_CONVERSION = YES;
				CLANG_WARN_CONSTANT_CONVERSION = YES;
				CLANG_WARN_DIRECT_OBJC_ISA_USAGE = YES_ERROR;
				CLANG_WARN_EMPTY_BODY = YES;
				CLANG_WARN_ENUM_CONVERSION = YES;
				CLANG_WARN_INT_CONVERSION = YES;
				CLANG_WARN_OBJC_ROOT_CLASS = YES_ERROR;
				CLANG_WARN_UNREACHABLE_CODE = YES;
				CLANG_WARN__DUPLICATE_METHOD_MATCH = YES;
				COPY_PHASE_STRIP = NO;
				DEBUG_INFORMATION_FORMAT = "dwarf-with-dsym";
				ENABLE_NS_ASSERTIONS = NO;
				ENABLE_STRICT_OBJC_MSGSEND = YES;
				GCC_C_LANGUAGE_STANDARD = gnu99;
				GCC_NO_COMMON_BLOCKS = YES;
				GCC_WARN_64_TO_32_BIT_CONVERSION = YES;
				GCC_WARN_ABOUT_RETURN_TYPE = YES_ERROR;
				GCC_WARN_UNDECLARED_SELECTOR = YES;
				GCC_WARN_UNINITIALIZED_AUTOS = YES_AGGRESSIVE;
				GCC_WARN_UNUSED_FUNCTION = YES;
				GCC_WARN_UNUSED_VARIABLE = YES;
				MACOSX_DEPLOYMENT_TARGET = 10.10;
				MTL_ENABLE_DEBUG_INFO = NO;
				SDKROOT = macosx;
			};
			name = Release;
		};
		A267D8491AF056AD0025EBD7 /* Debug */ = {
			isa = XCBuildConfiguration;
			buildSettings = {
				PRODUCT_NAME = "$(TARGET_NAME)";
			};
			name = Debug;
		};
		A267D84A1AF056AD0025EBD7 /* Release */ = {
			isa = XCBuildConfiguration;
			buildSettings = {
				PRODUCT_NAME = "$(TARGET_NAME)";
			};
			name = Release;
		};
/* End XCBuildConfiguration section */

/* Begin XCConfigurationList section */
		A267D83C1AF056AD0025EBD7 /* Build configuration list for PBXProject "MotionPlanning" */ = {
			isa = XCConfigurationList;
			buildConfigurations = (
				A267D8461AF056AD0025EBD7 /* Debug */,
				A267D8471AF056AD0025EBD7 /* Release */,
			);
			defaultConfigurationIsVisible = 0;
			defaultConfigurationName = Release;
		};
		A267D8481AF056AD0025EBD7 /* Build configuration list for PBXNativeTarget "PolygonVisibility" */ = {
			isa = XCConfigurationList;
			buildConfigurations = (
				A267D8491AF056AD0025EBD7 /* Debug */,
				A267D84A1AF056AD0025EBD7 /* Release */,
			);
			defaultConfigurationIsVisible = 0;
			defaultConfigurationName = Release;
		};
/* End XCConfigurationList section */
	};
	rootObject = A267D8391AF056AD0025EBD7 /* Project object */;
}
